// !$*UTF8*$!
{
	archiveVersion = 1;
	classes = {
	};
	objectVersion = 46;
	objects = {

/* Begin PBXBuildFile section */
		FC7E55AC1B79E3C600B26BBB /* main.m in Sources */ = {isa = PBXBuildFile; fileRef = FC7E55AB1B79E3C600B26BBB /* main.m */; };
		FC7E55AF1B79E3C600B26BBB /* AppDelegate.m in Sources */ = {isa = PBXBuildFile; fileRef = FC7E55AE1B79E3C600B26BBB /* AppDelegate.m */; };
		FC7E55B21B79E3C600B26BBB /* ViewController.m in Sources */ = {isa = PBXBuildFile; fileRef = FC7E55B11B79E3C600B26BBB /* ViewController.m */; };
		FC7E55B51B79E3C600B26BBB /* Main.storyboard in Resources */ = {isa = PBXBuildFile; fileRef = FC7E55B31B79E3C600B26BBB /* Main.storyboard */; };
		FC7E55B71B79E3C600B26BBB /* Images.xcassets in Resources */ = {isa = PBXBuildFile; fileRef = FC7E55B61B79E3C600B26BBB /* Images.xcassets */; };
		FC7E55BA1B79E3C600B26BBB /* LaunchScreen.xib in Resources */ = {isa = PBXBuildFile; fileRef = FC7E55B81B79E3C600B26BBB /* LaunchScreen.xib */; };
		FC7E55C61B79E3C600B26BBB /* FunFactsTests.m in Sources */ = {isa = PBXBuildFile; fileRef = FC7E55C51B79E3C600B26BBB /* FunFactsTests.m */; };
		FC7E55D11B79FD2D00B26BBB /* FactBook.m in Sources */ = {isa = PBXBuildFile; fileRef = FC7E55D01B79FD2D00B26BBB /* FactBook.m */; };
		FC7E55D41B7A0F4800B26BBB /* ColorWheel.m in Sources */ = {isa = PBXBuildFile; fileRef = FC7E55D31B7A0F4800B26BBB /* ColorWheel.m */; };
/* End PBXBuildFile section */

/* Begin PBXContainerItemProxy section */
		FC7E55C01B79E3C600B26BBB /* PBXContainerItemProxy */ = {
			isa = PBXContainerItemProxy;
			containerPortal = FC7E559E1B79E3C600B26BBB /* Project object */;
			proxyType = 1;
			remoteGlobalIDString = FC7E55A51B79E3C600B26BBB;
			remoteInfo = FunFacts;
		};
/* End PBXContainerItemProxy section */

/* Begin PBXFileReference section */
		FC7E55A61B79E3C600B26BBB /* FunFacts.app */ = {isa = PBXFileReference; explicitFileType = wrapper.application; includeInIndex = 0; path = FunFacts.app; sourceTree = BUILT_PRODUCTS_DIR; };
		FC7E55AA1B79E3C600B26BBB /* Info.plist */ = {isa = PBXFileReference; lastKnownFileType = text.plist.xml; path = Info.plist; sourceTree = "<group>"; };
		FC7E55AB1B79E3C600B26BBB /* main.m */ = {isa = PBXFileReference; lastKnownFileType = sourcecode.c.objc; path = main.m; sourceTree = "<group>"; };
		FC7E55AD1B79E3C600B26BBB /* AppDelegate.h */ = {isa = PBXFileReference; lastKnownFileType = sourcecode.c.h; path = AppDelegate.h; sourceTree = "<group>"; };
		FC7E55AE1B79E3C600B26BBB /* AppDelegate.m */ = {isa = PBXFileReference; lastKnownFileType = sourcecode.c.objc; path = AppDelegate.m; sourceTree = "<group>"; };
		FC7E55B01B79E3C600B26BBB /* ViewController.h */ = {isa = PBXFileReference; lastKnownFileType = sourcecode.c.h; path = ViewController.h; sourceTree = "<group>"; };
		FC7E55B11B79E3C600B26BBB /* ViewController.m */ = {isa = PBXFileReference; lastKnownFileType = sourcecode.c.objc; path = ViewController.m; sourceTree = "<group>"; };
		FC7E55B41B79E3C600B26BBB /* Base */ = {isa = PBXFileReference; lastKnownFileType = file.storyboard; name = Base; path = Base.lproj/Main.storyboard; sourceTree = "<group>"; };
		FC7E55B61B79E3C600B26BBB /* Images.xcassets */ = {isa = PBXFileReference; lastKnownFileType = folder.assetcatalog; path = Images.xcassets; sourceTree = "<group>"; };
		FC7E55B91B79E3C600B26BBB /* Base */ = {isa = PBXFileReference; lastKnownFileType = file.xib; name = Base; path = Base.lproj/LaunchScreen.xib; sourceTree = "<group>"; };
		FC7E55BF1B79E3C600B26BBB /* FunFactsTests.xctest */ = {isa = PBXFileReference; explicitFileType = wrapper.cfbundle; includeInIndex = 0; path = FunFactsTests.xctest; sourceTree = BUILT_PRODUCTS_DIR; };
		FC7E55C41B79E3C600B26BBB /* Info.plist */ = {isa = PBXFileReference; lastKnownFileType = text.plist.xml; path = Info.plist; sourceTree = "<group>"; };
		FC7E55C51B79E3C600B26BBB /* FunFactsTests.m */ = {isa = PBXFileReference; lastKnownFileType = sourcecode.c.objc; path = FunFactsTests.m; sourceTree = "<group>"; };
		FC7E55CF1B79FD2D00B26BBB /* FactBook.h */ = {isa = PBXFileReference; fileEncoding = 4; lastKnownFileType = sourcecode.c.h; path = FactBook.h; sourceTree = "<group>"; };
		FC7E55D01B79FD2D00B26BBB /* FactBook.m */ = {isa = PBXFileReference; fileEncoding = 4; lastKnownFileType = sourcecode.c.objc; path = FactBook.m; sourceTree = "<group>"; };
		FC7E55D21B7A0F4800B26BBB /* ColorWheel.h */ = {isa = PBXFileReference; fileEncoding = 4; lastKnownFileType = sourcecode.c.h; path = ColorWheel.h; sourceTree = "<group>"; };
		FC7E55D31B7A0F4800B26BBB /* ColorWheel.m */ = {isa = PBXFileReference; fileEncoding = 4; lastKnownFileType = sourcecode.c.objc; path = ColorWheel.m; sourceTree = "<group>"; };
/* End PBXFileReference section */

/* Begin PBXFrameworksBuildPhase section */
		FC7E55A31B79E3C600B26BBB /* Frameworks */ = {
			isa = PBXFrameworksBuildPhase;
			buildActionMask = 2147483647;
			files = (
			);
			runOnlyForDeploymentPostprocessing = 0;
		};
		FC7E55BC1B79E3C600B26BBB /* Frameworks */ = {
			isa = PBXFrameworksBuildPhase;
			buildActionMask = 2147483647;
			files = (
			);
			runOnlyForDeploymentPostprocessing = 0;
		};
/* End PBXFrameworksBuildPhase section */

/* Begin PBXGroup section */
		FC7E559D1B79E3C600B26BBB = {
			isa = PBXGroup;
			children = (
				FC7E55A81B79E3C600B26BBB /* FunFacts */,
				FC7E55C21B79E3C600B26BBB /* FunFactsTests */,
				FC7E55A71B79E3C600B26BBB /* Products */,
			);
			sourceTree = "<group>";
		};
		FC7E55A71B79E3C600B26BBB /* Products */ = {
			isa = PBXGroup;
			children = (
				FC7E55A61B79E3C600B26BBB /* FunFacts.app */,
				FC7E55BF1B79E3C600B26BBB /* FunFactsTests.xctest */,
			);
			name = Products;
			sourceTree = "<group>";
		};
		FC7E55A81B79E3C600B26BBB /* FunFacts */ = {
			isa = PBXGroup;
			children = (
				FC7E55AD1B79E3C600B26BBB /* AppDelegate.h */,
				FC7E55AE1B79E3C600B26BBB /* AppDelegate.m */,
				FC7E55B01B79E3C600B26BBB /* ViewController.h */,
				FC7E55B11B79E3C600B26BBB /* ViewController.m */,
				FC7E55CF1B79FD2D00B26BBB /* FactBook.h */,
				FC7E55D01B79FD2D00B26BBB /* FactBook.m */,
				FC7E55D21B7A0F4800B26BBB /* ColorWheel.h */,
				FC7E55D31B7A0F4800B26BBB /* ColorWheel.m */,
				FC7E55B31B79E3C600B26BBB /* Main.storyboard */,
				FC7E55B61B79E3C600B26BBB /* Images.xcassets */,
				FC7E55B81B79E3C600B26BBB /* LaunchScreen.xib */,
				FC7E55A91B79E3C600B26BBB /* Supporting Files */,
			);
			path = FunFacts;
			sourceTree = "<group>";
		};
		FC7E55A91B79E3C600B26BBB /* Supporting Files */ = {
			isa = PBXGroup;
			children = (
				FC7E55AA1B79E3C600B26BBB /* Info.plist */,
				FC7E55AB1B79E3C600B26BBB /* main.m */,
			);
			name = "Supporting Files";
			sourceTree = "<group>";
		};
		FC7E55C21B79E3C600B26BBB /* FunFactsTests */ = {
			isa = PBXGroup;
			children = (
				FC7E55C51B79E3C600B26BBB /* FunFactsTests.m */,
				FC7E55C31B79E3C600B26BBB /* Supporting Files */,
			);
			path = FunFactsTests;
			sourceTree = "<group>";
		};
		FC7E55C31B79E3C600B26BBB /* Supporting Files */ = {
			isa = PBXGroup;
			children = (
				FC7E55C41B79E3C600B26BBB /* Info.plist */,
			);
			name = "Supporting Files";
			sourceTree = "<group>";
		};
/* End PBXGroup section */

/* Begin PBXNativeTarget section */
		FC7E55A51B79E3C600B26BBB /* FunFacts */ = {
			isa = PBXNativeTarget;
			buildConfigurationList = FC7E55C91B79E3C600B26BBB /* Build configuration list for PBXNativeTarget "FunFacts" */;
			buildPhases = (
				FC7E55A21B79E3C600B26BBB /* Sources */,
				FC7E55A31B79E3C600B26BBB /* Frameworks */,
				FC7E55A41B79E3C600B26BBB /* Resources */,
			);
			buildRules = (
			);
			dependencies = (
			);
			name = FunFacts;
			productName = FunFacts;
			productReference = FC7E55A61B79E3C600B26BBB /* FunFacts.app */;
			productType = "com.apple.product-type.application";
		};
		FC7E55BE1B79E3C600B26BBB /* FunFactsTests */ = {
			isa = PBXNativeTarget;
			buildConfigurationList = FC7E55CC1B79E3C600B26BBB /* Build configuration list for PBXNativeTarget "FunFactsTests" */;
			buildPhases = (
				FC7E55BB1B79E3C600B26BBB /* Sources */,
				FC7E55BC1B79E3C600B26BBB /* Frameworks */,
				FC7E55BD1B79E3C600B26BBB /* Resources */,
			);
			buildRules = (
			);
			dependencies = (
				FC7E55C11B79E3C600B26BBB /* PBXTargetDependency */,
			);
			name = FunFactsTests;
			productName = FunFactsTests;
			productReference = FC7E55BF1B79E3C600B26BBB /* FunFactsTests.xctest */;
			productType = "com.apple.product-type.bundle.unit-test";
		};
/* End PBXNativeTarget section */

/* Begin PBXProject section */
		FC7E559E1B79E3C600B26BBB /* Project object */ = {
			isa = PBXProject;
			attributes = {
				LastUpgradeCheck = 0640;
				ORGANIZATIONNAME = "Calabash Technology";
				TargetAttributes = {
					FC7E55A51B79E3C600B26BBB = {
						CreatedOnToolsVersion = 6.4;
					};
					FC7E55BE1B79E3C600B26BBB = {
						CreatedOnToolsVersion = 6.4;
						TestTargetID = FC7E55A51B79E3C600B26BBB;
					};
				};
			};
			buildConfigurationList = FC7E55A11B79E3C600B26BBB /* Build configuration list for PBXProject "FunFacts" */;
			compatibilityVersion = "Xcode 3.2";
			developmentRegion = English;
			hasScannedForEncodings = 0;
			knownRegions = (
				en,
				Base,
			);
			mainGroup = FC7E559D1B79E3C600B26BBB;
			productRefGroup = FC7E55A71B79E3C600B26BBB /* Products */;
			projectDirPath = "";
			projectRoot = "";
			targets = (
				FC7E55A51B79E3C600B26BBB /* FunFacts */,
				FC7E55BE1B79E3C600B26BBB /* FunFactsTests */,
			);
		};
/* End PBXProject section */

/* Begin PBXResourcesBuildPhase section */
		FC7E55A41B79E3C600B26BBB /* Resources */ = {
			isa = PBXResourcesBuildPhase;
			buildActionMask = 2147483647;
			files = (
				FC7E55B51B79E3C600B26BBB /* Main.storyboard in Resources */,
				FC7E55BA1B79E3C600B26BBB /* LaunchScreen.xib in Resources */,
				FC7E55B71B79E3C600B26BBB /* Images.xcassets in Resources */,
			);
			runOnlyForDeploymentPostprocessing = 0;
		};
		FC7E55BD1B79E3C600B26BBB /* Resources */ = {
			isa = PBXResourcesBuildPhase;
			buildActionMask = 2147483647;
			files = (
			);
			runOnlyForDeploymentPostprocessing = 0;
		};
/* End PBXResourcesBuildPhase section */

/* Begin PBXSourcesBuildPhase section */
		FC7E55A21B79E3C600B26BBB /* Sources */ = {
			isa = PBXSourcesBuildPhase;
			buildActionMask = 2147483647;
			files = (
				FC7E55B21B79E3C600B26BBB /* ViewController.m in Sources */,
				FC7E55AF1B79E3C600B26BBB /* AppDelegate.m in Sources */,
				FC7E55D11B79FD2D00B26BBB /* FactBook.m in Sources */,
				FC7E55AC1B79E3C600B26BBB /* main.m in Sources */,
				FC7E55D41B7A0F4800B26BBB /* ColorWheel.m in Sources */,
			);
			runOnlyForDeploymentPostprocessing = 0;
		};
		FC7E55BB1B79E3C600B26BBB /* Sources */ = {
			isa = PBXSourcesBuildPhase;
			buildActionMask = 2147483647;
			files = (
				FC7E55C61B79E3C600B26BBB /* FunFactsTests.m in Sources */,
			);
			runOnlyForDeploymentPostprocessing = 0;
		};
/* End PBXSourcesBuildPhase section */

/* Begin PBXTargetDependency section */
		FC7E55C11B79E3C600B26BBB /* PBXTargetDependency */ = {
			isa = PBXTargetDependency;
			target = FC7E55A51B79E3C600B26BBB /* FunFacts */;
			targetProxy = FC7E55C01B79E3C600B26BBB /* PBXContainerItemProxy */;
		};
/* End PBXTargetDependency section */

/* Begin PBXVariantGroup section */
		FC7E55B31B79E3C600B26BBB /* Main.storyboard */ = {
			isa = PBXVariantGroup;
			children = (
				FC7E55B41B79E3C600B26BBB /* Base */,
			);
			name = Main.storyboard;
			sourceTree = "<group>";
		};
		FC7E55B81B79E3C600B26BBB /* LaunchScreen.xib */ = {
			isa = PBXVariantGroup;
			children = (
				FC7E55B91B79E3C600B26BBB /* Base */,
			);
			name = LaunchScreen.xib;
			sourceTree = "<group>";
		};
/* End PBXVariantGroup section */

/* Begin XCBuildConfiguration section */
		FC7E55C71B79E3C600B26BBB /* Debug */ = {
			isa = XCBuildConfiguration;
			buildSettings = {
				ALWAYS_SEARCH_USER_PATHS = NO;
				CLANG_CXX_LANGUAGE_STANDARD = "gnu++0x";
				CLANG_CXX_LIBRARY = "libc++";
				CLANG_ENABLE_MODULES = YES;
				CLANG_ENABLE_OBJC_ARC = YES;
				CLANG_WARN_BOOL_CONVERSION = YES;
				CLANG_WARN_CONSTANT_CONVERSION = YES;
				CLANG_WARN_DIRECT_OBJC_ISA_USAGE = YES_ERROR;
				CLANG_WARN_EMPTY_BODY = YES;
				CLANG_WARN_ENUM_CONVERSION = YES;
				CLANG_WARN_INT_CONVERSION = YES;
				CLANG_WARN_OBJC_ROOT_CLASS = YES_ERROR;
				CLANG_WARN_UNREACHABLE_CODE = YES;
				CLANG_WARN__DUPLICATE_METHOD_MATCH = YES;
				"CODE_SIGN_IDENTITY[sdk=iphoneos*]" = "iPhone Developer";
				COPY_PHASE_STRIP = NO;
				DEBUG_INFORMATION_FORMAT = "dwarf-with-dsym";
				ENABLE_STRICT_OBJC_MSGSEND = YES;
				GCC_C_LANGUAGE_STANDARD = gnu99;
				GCC_DYNAMIC_NO_PIC = NO;
				GCC_NO_COMMON_BLOCKS = YES;
				GCC_OPTIMIZATION_LEVEL = 0;
				GCC_PREPROCESSOR_DEFINITIONS = (
					"DEBUG=1",
					"$(inherited)",
				);
				GCC_SYMBOLS_PRIVATE_EXTERN = NO;
				GCC_WARN_64_TO_32_BIT_CONVERSION = YES;
				GCC_WARN_ABOUT_RETURN_TYPE = YES_ERROR;
				GCC_WARN_UNDECLARED_SELECTOR = YES;
				GCC_WARN_UNINITIALIZED_AUTOS = YES_AGGRESSIVE;
				GCC_WARN_UNUSED_FUNCTION = YES;
				GCC_WARN_UNUSED_VARIABLE = YES;
				IPHONEOS_DEPLOYMENT_TARGET = 8.4;
				MTL_ENABLE_DEBUG_INFO = YES;
				ONLY_ACTIVE_ARCH = YES;
				SDKROOT = iphoneos;
			};
			name = Debug;
		};
		FC7E55C81B79E3C600B26BBB /* Release */ = {
			isa = XCBuildConfiguration;
			buildSettings = {
				ALWAYS_SEARCH_USER_PATHS = NO;
				CLANG_CXX_LANGUAGE_STANDARD = "gnu++0x";
				CLANG_CXX_LIBRARY = "libc++";
				CLANG_ENABLE_MODULES = YES;
				CLANG_ENABLE_OBJC_ARC = YES;
				CLANG_WARN_BOOL_CONVERSION = YES;
				CLANG_WARN_CONSTANT_CONVERSION = YES;
				CLANG_WARN_DIRECT_OBJC_ISA_USAGE = YES_ERROR;
				CLANG_WARN_EMPTY_BODY = YES;
				CLANG_WARN_ENUM_CONVERSION = YES;
				CLANG_WARN_INT_CONVERSION = YES;
				CLANG_WARN_OBJC_ROOT_CLASS = YES_ERROR;
				CLANG_WARN_UNREACHABLE_CODE = YES;
				CLANG_WARN__DUPLICATE_METHOD_MATCH = YES;
				"CODE_SIGN_IDENTITY[sdk=iphoneos*]" = "iPhone Developer";
				COPY_PHASE_STRIP = NO;
				DEBUG_INFORMATION_FORMAT = "dwarf-with-dsym";
				ENABLE_NS_ASSERTIONS = NO;
				ENABLE_STRICT_OBJC_MSGSEND = YES;
				GCC_C_LANGUAGE_STANDARD = gnu99;
				GCC_NO_COMMON_BLOCKS = YES;
				GCC_WARN_64_TO_32_BIT_CONVERSION = YES;
				GCC_WARN_ABOUT_RETURN_TYPE = YES_ERROR;
				GCC_WARN_UNDECLARED_SELECTOR = YES;
				GCC_WARN_UNINITIALIZED_AUTOS = YES_AGGRESSIVE;
				GCC_WARN_UNUSED_FUNCTION = YES;
				GCC_WARN_UNUSED_VARIABLE = YES;
				IPHONEOS_DEPLOYMENT_TARGET = 8.4;
				MTL_ENABLE_DEBUG_INFO = NO;
				SDKROOT = iphoneos;
				VALIDATE_PRODUCT = YES;
			};
			name = Release;
		};
		FC7E55CA1B79E3C600B26BBB /* Debug */ = {
			isa = XCBuildConfiguration;
			buildSettings = {
				ASSETCATALOG_COMPILER_APPICON_NAME = AppIcon;
				INFOPLIST_FILE = FunFacts/Info.plist;
				LD_RUNPATH_SEARCH_PATHS = "$(inherited) @executable_path/Frameworks";
				PRODUCT_NAME = "$(TARGET_NAME)";
			};
			name = Debug;
		};
		FC7E55CB1B79E3C600B26BBB /* Release */ = {
			isa = XCBuildConfiguration;
			buildSettings = {
				ASSETCATALOG_COMPILER_APPICON_NAME = AppIcon;
				INFOPLIST_FILE = FunFacts/Info.plist;
				LD_RUNPATH_SEARCH_PATHS = "$(inherited) @executable_path/Frameworks";
				PRODUCT_NAME = "$(TARGET_NAME)";
			};
			name = Release;
		};
		FC7E55CD1B79E3C600B26BBB /* Debug */ = {
			isa = XCBuildConfiguration;
			buildSettings = {
				BUNDLE_LOADER = "$(TEST_HOST)";
				FRAMEWORK_SEARCH_PATHS = (
					"$(SDKROOT)/Developer/Library/Frameworks",
					"$(inherited)",
				);
				GCC_PREPROCESSOR_DEFINITIONS = (
					"DEBUG=1",
					"$(inherited)",
				);
				INFOPLIST_FILE = FunFactsTests/Info.plist;
				LD_RUNPATH_SEARCH_PATHS = "$(inherited) @executable_path/Frameworks @loader_path/Frameworks";
				PRODUCT_NAME = "$(TARGET_NAME)";
				TEST_HOST = "$(BUILT_PRODUCTS_DIR)/FunFacts.app/FunFacts";
			};
			name = Debug;
		};
		FC7E55CE1B79E3C600B26BBB /* Release */ = {
			isa = XCBuildConfiguration;
			buildSettings = {
				BUNDLE_LOADER = "$(TEST_HOST)";
				FRAMEWORK_SEARCH_PATHS = (
					"$(SDKROOT)/Developer/Library/Frameworks",
					"$(inherited)",
				);
				INFOPLIST_FILE = FunFactsTests/Info.plist;
				LD_RUNPATH_SEARCH_PATHS = "$(inherited) @executable_path/Frameworks @loader_path/Frameworks";
				PRODUCT_NAME = "$(TARGET_NAME)";
				TEST_HOST = "$(BUILT_PRODUCTS_DIR)/FunFacts.app/FunFacts";
			};
			name = Release;
		};
/* End XCBuildConfiguration section */

/* Begin XCConfigurationList section */
		FC7E55A11B79E3C600B26BBB /* Build configuration list for PBXProject "FunFacts" */ = {
			isa = XCConfigurationList;
			buildConfigurations = (
				FC7E55C71B79E3C600B26BBB /* Debug */,
				FC7E55C81B79E3C600B26BBB /* Release */,
			);
			defaultConfigurationIsVisible = 0;
			defaultConfigurationName = Release;
		};
		FC7E55C91B79E3C600B26BBB /* Build configuration list for PBXNativeTarget "FunFacts" */ = {
			isa = XCConfigurationList;
			buildConfigurations = (
				FC7E55CA1B79E3C600B26BBB /* Debug */,
				FC7E55CB1B79E3C600B26BBB /* Release */,
			);
			defaultConfigurationIsVisible = 0;
		};
		FC7E55CC1B79E3C600B26BBB /* Build configuration list for PBXNativeTarget "FunFactsTests" */ = {
			isa = XCConfigurationList;
			buildConfigurations = (
				FC7E55CD1B79E3C600B26BBB /* Debug */,
				FC7E55CE1B79E3C600B26BBB /* Release */,
			);
			defaultConfigurationIsVisible = 0;
		};
/* End XCConfigurationList section */
	};
	rootObject = FC7E559E1B79E3C600B26BBB /* Project object */;
}
